Microsoft Visual Studio Solution File, Format Version 12.00
# Visual Studio Version 17
VisualStudioVersion = 17.5.2.0
MinimumVisualStudioVersion = 10.0.40219.1
Project("{2150E333-8FDC-42A3-9474-1A3956D46DE8}") = "WORK", "WORK", "{169F9964-4321-BFA7-3D0F-CC406FE73C48}"
EndProject
Project("{2150E333-8FDC-42A3-9474-1A3956D46DE8}") = "EMU_SERVER", "EMU_SERVER", "{7730580B-B029-07BF-8E05-8B38CAE6E470}"
EndProject
Project("{2150E333-8FDC-42A3-9474-1A3956D46DE8}") = "DATTool", "DATTool", "{3BBE5FCD-5570-88C2-7102-FE91C1550624}"
EndProject
Project("{FAE04EC0-301F-11D3-BF4B-00C04F79EFBC}") = "DATTool", "WORK\EMU_SERVER\DATTool\SRC\DATTool.csproj", "{471449E2-A848-A351-F7AE-885819B1A109}"
EndProject
Global
	GlobalSection(SolutionConfigurationPlatforms) = preSolution
		Debug|Any CPU = Debug|Any CPU
		Release|Any CPU = Release|Any CPU
	EndGlobalSection
	GlobalSection(ProjectConfigurationPlatforms) = postSolution
		{471449E2-A848-A351-F7AE-885819B1A109}.Debug|Any CPU.ActiveCfg = Debug|Any CPU
		{471449E2-A848-A351-F7AE-885819B1A109}.Debug|Any CPU.Build.0 = Debug|Any CPU
		{471449E2-A848-A351-F7AE-885819B1A109}.Release|Any CPU.ActiveCfg = Release|Any CPU
		{471449E2-A848-A351-F7AE-885819B1A109}.Release|Any CPU.Build.0 = Release|Any CPU
	EndGlobalSection
	GlobalSection(SolutionProperties) = preSolution
		HideSolutionNode = FALSE
	EndGlobalSection
	GlobalSection(NestedProjects) = preSolution
		{7730580B-B029-07BF-8E05-8B38CAE6E470} = {169F9964-4321-BFA7-3D0F-CC406FE73C48}
		{3BBE5FCD-5570-88C2-7102-FE91C1550624} = {7730580B-B029-07BF-8E05-8B38CAE6E470}
		{471449E2-A848-A351-F7AE-885819B1A109} = {3BBE5FCD-5570-88C2-7102-FE91C1550624}
	EndGlobalSection
	GlobalSection(ExtensibilityGlobals) = postSolution
		SolutionGuid = {3A364614-7A90-498C-A15E-A9506BFFF2A5}
	EndGlobalSection
EndGlobal
